<?xml version="1.0"?>
<CONFIG>
  <ProjectOptions>
    <Version Value="9"/>
    <PathDelim Value="\"/>
    <General>
      <Flags>
        <MainUnitHasCreateFormStatements Value="False"/>
        <MainUnitHasTitleStatement Value="False"/>
      </Flags>
      <MainUnit Value="0"/>
      <Title Value="database"/>
      <ResourceType Value="res"/>
      <UseXPManifest Value="True"/>
      <ActiveWindowIndexAtStart Value="0"/>
    </General>
    <i18n>
      <EnableI18N LFM="False"/>
    </i18n>
    <VersionInfo>
      <StringTable ProductVersion=""/>
    </VersionInfo>
    <BuildModes Count="1" Active="Default">
      <Item1 Name="Default" Default="True"/>
    </BuildModes>
    <PublishOptions>
      <Version Value="2"/>
      <IncludeFileFilter Value="*.(pas|pp|inc|lfm|lpr|lrs|lpi|lpk|sh|xml)"/>
      <ExcludeFileFilter Value="*.(bak|ppu|o|so);*~;backup"/>
    </PublishOptions>
    <RunParams>
      <local>
        <FormatVersion Value="1"/>
      </local>
    </RunParams>
    <Units Count="8">
      <Unit0>
        <Filename Value="database.pas"/>
        <IsPartOfProject Value="True"/>
        <UnitName Value="PDataBase"/>
        <EditorIndex Value="0"/>
        <WindowIndex Value="0"/>
        <TopLine Value="1"/>
        <CursorPos X="17" Y="15"/>
        <UsageCount Value="64"/>
        <Loaded Value="True"/>
      </Unit0>
      <Unit1>
        <Filename Value="repository.pas"/>
        <IsPartOfProject Value="True"/>
        <UnitName Value="Unit1"/>
        <WindowIndex Value="0"/>
        <TopLine Value="1"/>
        <CursorPos X="10" Y="3"/>
        <UsageCount Value="64"/>
      </Unit1>
      <Unit2>
        <Filename Value="database.db"/>
        <EditorIndex Value="5"/>
        <WindowIndex Value="0"/>
        <TopLine Value="1"/>
        <CursorPos X="7" Y="2"/>
        <UsageCount Value="32"/>
        <Loaded Value="True"/>
        <DefaultSyntaxHighlighter Value="None"/>
      </Unit2>
      <Unit3>
        <Filename Value="errors.pas"/>
        <IsPartOfProject Value="True"/>
        <UnitName Value="errors"/>
        <IsVisibleTab Value="True"/>
        <EditorIndex Value="2"/>
        <WindowIndex Value="0"/>
        <TopLine Value="13"/>
        <CursorPos X="22" Y="30"/>
        <UsageCount Value="49"/>
        <Loaded Value="True"/>
      </Unit3>
      <Unit4>
        <Filename Value="helpers.pas"/>
        <IsPartOfProject Value="True"/>
        <UnitName Value="helpers"/>
        <EditorIndex Value="4"/>
        <WindowIndex Value="0"/>
        <TopLine Value="1"/>
        <CursorPos X="17" Y="22"/>
        <UsageCount Value="48"/>
        <Loaded Value="True"/>
      </Unit4>
      <Unit5>
        <Filename Value="udatabase.pas"/>
        <IsPartOfProject Value="True"/>
        <UnitName Value="UDataBase"/>
        <EditorIndex Value="3"/>
        <WindowIndex Value="0"/>
        <TopLine Value="1"/>
        <CursorPos X="62" Y="126"/>
        <UsageCount Value="48"/>
        <Loaded Value="True"/>
      </Unit5>
      <Unit6>
        <Filename Value="lists.pas"/>
        <IsPartOfProject Value="True"/>
        <UnitName Value="lists"/>
        <EditorIndex Value="1"/>
        <WindowIndex Value="0"/>
        <TopLine Value="1"/>
        <CursorPos X="30" Y="19"/>
        <UsageCount Value="48"/>
        <Loaded Value="True"/>
      </Unit6>
      <Unit7>
        <Filename Value="arrays.pas"/>
        <UnitName Value="arrays"/>
        <WindowIndex Value="0"/>
        <TopLine Value="1"/>
        <CursorPos X="9" Y="2"/>
        <UsageCount Value="31"/>
      </Unit7>
    </Units>
    <JumpHistory Count="30" HistoryIndex="29">
      <Position1>
        <Filename Value="database.pas"/>
        <Caret Line="178" Column="6" TopLine="95"/>
      </Position1>
      <Position2>
        <Filename Value="database.pas"/>
        <Caret Line="105" Column="21" TopLine="71"/>
      </Position2>
      <Position3>
        <Filename Value="database.pas"/>
        <Caret Line="98" Column="33" TopLine="39"/>
      </Position3>
      <Position4>
        <Filename Value="database.db"/>
        <Caret Line="17" Column="8" TopLine="1"/>
      </Position4>
      <Position5>
        <Filename Value="database.pas"/>
        <Caret Line="64" Column="1" TopLine="16"/>
      </Position5>
      <Position6>
        <Filename Value="errors.pas"/>
        <Caret Line="22" Column="5" TopLine="1"/>
      </Position6>
      <Position7>
        <Filename Value="errors.pas"/>
        <Caret Line="5" Column="53" TopLine="1"/>
      </Position7>
      <Position8>
        <Filename Value="errors.pas"/>
        <Caret Line="2" Column="1" TopLine="1"/>
      </Position8>
      <Position9>
        <Filename Value="database.pas"/>
        <Caret Line="31" Column="14" TopLine="18"/>
      </Position9>
      <Position10>
        <Filename Value="helpers.pas"/>
        <Caret Line="21" Column="14" TopLine="1"/>
      </Position10>
      <Position11>
        <Filename Value="udatabase.pas"/>
        <Caret Line="115" Column="8" TopLine="73"/>
      </Position11>
      <Position12>
        <Filename Value="database.pas"/>
        <Caret Line="4" Column="5" TopLine="1"/>
      </Position12>
      <Position13>
        <Filename Value="lists.pas"/>
        <Caret Line="16" Column="1" TopLine="1"/>
      </Position13>
      <Position14>
        <Filename Value="lists.pas"/>
        <Caret Line="5" Column="1" TopLine="1"/>
      </Position14>
      <Position15>
        <Filename Value="lists.pas"/>
        <Caret Line="7" Column="1" TopLine="1"/>
      </Position15>
      <Position16>
        <Filename Value="lists.pas"/>
        <Caret Line="11" Column="16" TopLine="1"/>
      </Position16>
      <Position17>
        <Filename Value="lists.pas"/>
        <Caret Line="16" Column="27" TopLine="1"/>
      </Position17>
      <Position18>
        <Filename Value="lists.pas"/>
        <Caret Line="29" Column="57" TopLine="1"/>
      </Position18>
      <Position19>
        <Filename Value="errors.pas"/>
        <Caret Line="31" Column="11" TopLine="1"/>
      </Position19>
      <Position20>
        <Filename Value="errors.pas"/>
        <Caret Line="32" Column="11" TopLine="1"/>
      </Position20>
      <Position21>
        <Filename Value="errors.pas"/>
        <Caret Line="53" Column="58" TopLine="12"/>
      </Position21>
      <Position22>
        <Filename Value="errors.pas"/>
        <Caret Line="30" Column="12" TopLine="6"/>
      </Position22>
      <Position23>
        <Filename Value="errors.pas"/>
        <Caret Line="11" Column="18" TopLine="1"/>
      </Position23>
      <Position24>
        <Filename Value="errors.pas"/>
        <Caret Line="23" Column="12" TopLine="15"/>
      </Position24>
      <Position25>
        <Filename Value="errors.pas"/>
        <Caret Line="41" Column="42" TopLine="4"/>
      </Position25>
      <Position26>
        <Filename Value="errors.pas"/>
        <Caret Line="31" Column="14" TopLine="10"/>
      </Position26>
      <Position27>
        <Filename Value="errors.pas"/>
        <Caret Line="41" Column="39" TopLine="13"/>
      </Position27>
      <Position28>
        <Filename Value="errors.pas"/>
        <Caret Line="48" Column="13" TopLine="15"/>
      </Position28>
      <Position29>
        <Filename Value="errors.pas"/>
        <Caret Line="38" Column="34" TopLine="15"/>
      </Position29>
      <Position30>
        <Filename Value="errors.pas"/>
        <Caret Line="48" Column="13" TopLine="15"/>
      </Position30>
    </JumpHistory>
  </ProjectOptions>
  <CompilerOptions>
    <Version Value="10"/>
    <PathDelim Value="\"/>
    <Target>
      <Filename Value="database"/>
    </Target>
    <SearchPaths>
      <IncludeFiles Value="$(ProjOutDir)"/>
      <UnitOutputDirectory Value="lib\$(TargetCPU)-$(TargetOS)"/>
    </SearchPaths>
    <Other>
      <CompilerPath Value="$(CompPath)"/>
    </Other>
  </CompilerOptions>
  <Debugging>
    <Exceptions Count="3">
      <Item1>
        <Name Value="EAbort"/>
      </Item1>
      <Item2>
        <Name Value="ECodetoolError"/>
      </Item2>
      <Item3>
        <Name Value="EFOpenError"/>
      </Item3>
    </Exceptions>
  </Debugging>
</CONFIG>
